<?xml version="1.0" encoding="utf-8"?>
<Project ToolsVersion="4.0" xmlns="http://schemas.microsoft.com/developer/msbuild/2003">
  <ItemGroup>
    <Filter Include="Source Files">
      <UniqueIdentifier>{725270b7-74e5-4c61-a6c6-e4f4a3ef2948}</UniqueIdentifier>
      <Extensions>cpp;c;cxx;rc;def;r;odl;idl;hpj;bat</Extensions>
    </Filter>
    <Filter Include="Header Files">
      <UniqueIdentifier>{fd25ec35-f763-4677-a974-97d3734120b4}</UniqueIdentifier>
      <Extensions>h;hpp;hxx;hm;inl</Extensions>
    </Filter>
    <Filter Include="Resource Files">
      <UniqueIdentifier>{8ed91ffb-5461-4b72-988b-420ae0193e70}</UniqueIdentifier>
      <Extensions>ico;cur;bmp;dlg;rc2;rct;bin;cnt;rtf;gif;jpg;jpeg;jpe</Extensions>
    </Filter>
    <Filter Include="Help Files">
      <UniqueIdentifier>{a0464dc9-78d7-484a-b39c-78be5e715c3c}</UniqueIdentifier>
    </Filter>
    <Filter Include="Common Header Files">
      <UniqueIdentifier>{c899aa39-774d-45cf-a1bd-e680131e5e41}</UniqueIdentifier>
      <Extensions>h</Extensions>
    </Filter>
    <Filter Include="Common Source Files">
      <UniqueIdentifier>{7fbb48fe-07dc-422a-8890-2f65fc67b668}</UniqueIdentifier>
      <Extensions>c;cpp</Extensions>
    </Filter>
  </ItemGroup>
  <ItemGroup>
    <ClCompile Include="Aboutdlg.cpp">
      <Filter>Source Files</Filter>
    </ClCompile>
    <ClCompile Include="..\common\array.cpp">
      <Filter>Source Files</Filter>
    </ClCompile>
    <ClCompile Include="Arraydlg.cpp">
      <Filter>Source Files</Filter>
    </ClCompile>
    <ClCompile Include="basewnd.cpp">
      <Filter>Source Files</Filter>
    </ClCompile>
    <ClCompile Include="Cadbar.cpp">
      <Filter>Source Files</Filter>
    </ClCompile>
    <ClCompile Include="Caddoc.cpp">
      <Filter>Source Files</Filter>
    </ClCompile>
    <ClCompile Include="Cadview.cpp">
      <Filter>Source Files</Filter>
    </ClCompile>
    <ClCompile Include="categdlg.cpp">
      <Filter>Source Files</Filter>
    </ClCompile>
    <ClCompile Include="Clrpick.cpp">
      <Filter>Source Files</Filter>
    </ClCompile>
    <ClCompile Include="Clrpopup.cpp">
      <Filter>Source Files</Filter>
    </ClCompile>
    <ClCompile Include="Colorlst.cpp">
      <Filter>Source Files</Filter>
    </ClCompile>
    <ClCompile Include="Disabtab.cpp">
      <Filter>Source Files</Filter>
    </ClCompile>
    <ClCompile Include="EdGrpDlg.cpp">
      <Filter>Source Files</Filter>
    </ClCompile>
    <ClCompile Include="Figdlg.cpp">
      <Filter>Source Files</Filter>
    </ClCompile>
    <ClCompile Include="glwindow.cpp">
      <Filter>Source Files</Filter>
    </ClCompile>
    <ClCompile Include="Groupdlg.cpp">
      <Filter>Source Files</Filter>
    </ClCompile>
    <ClCompile Include="GrpTree.cpp">
      <Filter>Source Files</Filter>
    </ClCompile>
    <ClCompile Include="Htmldlg.cpp">
      <Filter>Source Files</Filter>
    </ClCompile>
    <ClCompile Include="Imagedlg.cpp">
      <Filter>Source Files</Filter>
    </ClCompile>
    <ClCompile Include="Ipedit.cpp">
      <Filter>Source Files</Filter>
    </ClCompile>
    <ClCompile Include="keyedit.cpp">
      <Filter>Source Files</Filter>
    </ClCompile>
    <ClCompile Include="Leocad.cpp">
      <Filter>Source Files</Filter>
    </ClCompile>
    <ClCompile Include="Libdlg.cpp">
      <Filter>Source Files</Filter>
    </ClCompile>
    <ClCompile Include="Mainfrm.cpp">
      <Filter>Source Files</Filter>
    </ClCompile>
    <ClCompile Include="Piecebar.cpp">
      <Filter>Source Files</Filter>
    </ClCompile>
    <ClCompile Include="Piececmb.cpp">
      <Filter>Source Files</Filter>
    </ClCompile>
    <ClCompile Include="Pieceprv.cpp">
      <Filter>Source Files</Filter>
    </ClCompile>
    <ClCompile Include="Povdlg.cpp">
      <Filter>Source Files</Filter>
    </ClCompile>
    <ClCompile Include="Prefpage.cpp">
      <Filter>Source Files</Filter>
    </ClCompile>
    <ClCompile Include="Prefsht.cpp">
      <Filter>Source Files</Filter>
    </ClCompile>
    <ClCompile Include="Print.cpp">
      <Filter>Source Files</Filter>
    </ClCompile>
    <ClCompile Include="Progdlg.cpp">
      <Filter>Source Files</Filter>
    </ClCompile>
    <ClCompile Include="Propspgs.cpp">
      <Filter>Source Files</Filter>
    </ClCompile>
    <ClCompile Include="Propssht.cpp">
      <Filter>Source Files</Filter>
    </ClCompile>
    <ClCompile Include="Seldlg.cpp">
      <Filter>Source Files</Filter>
    </ClCompile>
    <ClCompile Include="Splitter.cpp">
      <Filter>Source Files</Filter>
    </ClCompile>
    <ClCompile Include="Stdafx.cpp">
      <Filter>Source Files</Filter>
    </ClCompile>
    <ClCompile Include="Stepdlg.cpp">
      <Filter>Source Files</Filter>
    </ClCompile>
    <ClCompile Include="Steppop.cpp">
      <Filter>Source Files</Filter>
    </ClCompile>
    <ClCompile Include="system.cpp">
      <Filter>Source Files</Filter>
    </ClCompile>
    <ClCompile Include="Teropdlg.cpp">
      <Filter>Source Files</Filter>
    </ClCompile>
    <ClCompile Include="Terrctrl.cpp">
      <Filter>Source Files</Filter>
    </ClCompile>
    <ClCompile Include="Terrdlg.cpp">
      <Filter>Source Files</Filter>
    </ClCompile>
    <ClCompile Include="Terrwnd.cpp">
      <Filter>Source Files</Filter>
    </ClCompile>
    <ClCompile Include="texdlg.cpp">
      <Filter>Source Files</Filter>
    </ClCompile>
    <ClCompile Include="Tools.cpp">
      <Filter>Source Files</Filter>
    </ClCompile>
    <ClCompile Include="transdlg.cpp">
      <Filter>Source Files</Filter>
    </ClCompile>
    <ClCompile Include="win_gl.cpp">
      <Filter>Source Files</Filter>
    </ClCompile>
    <ClCompile Include="..\Common\camera.cpp">
      <Filter>Common Source Files</Filter>
    </ClCompile>
    <ClCompile Include="..\common\console.cpp">
      <Filter>Common Source Files</Filter>
    </ClCompile>
    <ClCompile Include="..\common\curve.cpp">
      <Filter>Common Source Files</Filter>
    </ClCompile>
    <ClCompile Include="..\common\debug.cpp">
      <Filter>Common Source Files</Filter>
    </ClCompile>
    <ClCompile Include="..\Common\globals.cpp">
      <Filter>Common Source Files</Filter>
    </ClCompile>
    <ClCompile Include="..\Common\group.cpp">
      <Filter>Common Source Files</Filter>
    </ClCompile>
    <ClCompile Include="..\common\im_bmp.cpp">
      <Filter>Common Source Files</Filter>
    </ClCompile>
    <ClCompile Include="..\common\im_gif.cpp">
      <Filter>Common Source Files</Filter>
    </ClCompile>
    <ClCompile Include="..\common\im_jpg.cpp">
      <Filter>Common Source Files</Filter>
    </ClCompile>
    <ClCompile Include="..\common\im_png.cpp">
      <Filter>Common Source Files</Filter>
    </ClCompile>
    <ClCompile Include="..\Common\image.cpp">
      <Filter>Common Source Files</Filter>
    </ClCompile>
    <ClCompile Include="..\common\keyboard.cpp">
      <Filter>Common Source Files</Filter>
    </ClCompile>
    <ClCompile Include="..\common\lc_application.cpp">
      <Filter>Common Source Files</Filter>
    </ClCompile>
    <ClCompile Include="..\common\library.cpp">
      <Filter>Common Source Files</Filter>
    </ClCompile>
    <ClCompile Include="..\Common\light.cpp">
      <Filter>Common Source Files</Filter>
    </ClCompile>
    <ClCompile Include="..\common\mainwnd.cpp">
      <Filter>Common Source Files</Filter>
    </ClCompile>
    <ClCompile Include="..\Common\matrix.cpp">
      <Filter>Common Source Files</Filter>
    </ClCompile>
    <ClCompile Include="..\common\message.cpp">
      <Filter>Common Source Files</Filter>
    </ClCompile>
    <ClCompile Include="..\common\minifig.cpp">
      <Filter>Common Source Files</Filter>
    </ClCompile>
    <ClCompile Include="..\common\object.cpp">
      <Filter>Common Source Files</Filter>
    </ClCompile>
    <ClCompile Include="..\common\opengl.cpp">
      <Filter>Common Source Files</Filter>
    </ClCompile>
    <ClCompile Include="..\Common\piece.cpp">
      <Filter>Common Source Files</Filter>
    </ClCompile>
    <ClCompile Include="..\Common\pieceinf.cpp">
      <Filter>Common Source Files</Filter>
    </ClCompile>
    <ClCompile Include="..\common\preview.cpp">
      <Filter>Common Source Files</Filter>
    </ClCompile>
    <ClCompile Include="..\Common\project.cpp">
      <Filter>Common Source Files</Filter>
    </ClCompile>
    <ClCompile Include="..\Common\quant.cpp">
      <Filter>Common Source Files</Filter>
    </ClCompile>
    <ClCompile Include="..\common\str.cpp">
      <Filter>Common Source Files</Filter>
    </ClCompile>
    <ClCompile Include="..\Common\terrain.cpp">
      <Filter>Common Source Files</Filter>
    </ClCompile>
    <ClCompile Include="..\common\texfont.cpp">
      <Filter>Common Source Files</Filter>
    </ClCompile>
    <ClCompile Include="..\Common\texture.cpp">
      <Filter>Common Source Files</Filter>
    </ClCompile>
    <ClCompile Include="..\Common\Tr.cpp">
      <Filter>Common Source Files</Filter>
    </ClCompile>
    <ClCompile Include="..\common\view.cpp">
      <Filter>Common Source Files</Filter>
    </ClCompile>
    <ClCompile Include="propertiespane.cpp">
      <Filter>Source Files</Filter>
    </ClCompile>
    <ClCompile Include="dynsplit.cpp">
      <Filter>Source Files</Filter>
    </ClCompile>
    <ClCompile Include="propertiesgridctrl.cpp">
      <Filter>Source Files</Filter>
    </ClCompile>
    <ClCompile Include="..\common\lc_file.cpp">
      <Filter>Common Source Files</Filter>
    </ClCompile>
    <ClCompile Include="..\common\lc_colors.cpp">
      <Filter>Common Source Files</Filter>
    </ClCompile>
    <ClCompile Include="..\common\lc_mesh.cpp">
      <Filter>Common Source Files</Filter>
    </ClCompile>
  </ItemGroup>
  <ItemGroup>
    <None Include="res\Angle.cur">
      <Filter>Resource Files</Filter>
    </None>
    <None Include="res\animator.bmp">
      <Filter>Resource Files</Filter>
    </None>
    <None Include="res\autopan.bmp">
      <Filter>Resource Files</Filter>
    </None>
    <None Include="res\bitmap1.bmp">
      <Filter>Resource Files</Filter>
    </None>
    <None Include="res\bitmap2.bmp">
      <Filter>Resource Files</Filter>
    </None>
    <None Include="res\Brick.cur">
      <Filter>Resource Files</Filter>
    </None>
    <None Include="res\bulb.cur">
      <Filter>Resource Files</Filter>
    </None>
    <None Include="res\CADDoc.ico">
      <Filter>Resource Files</Filter>
    </None>
    <None Include="res\camera.bmp">
      <Filter>Resource Files</Filter>
    </None>
    <None Include="res\Camera.cur">
      <Filter>Resource Files</Filter>
    </None>
    <None Include="res\cur00001.cur">
      <Filter>Resource Files</Filter>
    </None>
    <None Include="res\cur00002.cur">
      <Filter>Resource Files</Filter>
    </None>
    <None Include="res\cur00003.cur">
      <Filter>Resource Files</Filter>
    </None>
    <None Include="res\cursor1.cur">
      <Filter>Resource Files</Filter>
    </None>
    <None Include="res\delete.bmp">
      <Filter>Resource Files</Filter>
    </None>
    <None Include="res\editor.bmp">
      <Filter>Resource Files</Filter>
    </None>
    <None Include="res\Eraser.cur">
      <Filter>Resource Files</Filter>
    </None>
    <None Include="res\fullscr.bmp">
      <Filter>Resource Files</Filter>
    </None>
    <None Include="res\fullscre.bmp">
      <Filter>Resource Files</Filter>
    </None>
    <None Include="res\group.bmp">
      <Filter>Resource Files</Filter>
    </None>
    <None Include="res\help.bmp">
      <Filter>Resource Files</Filter>
    </None>
    <None Include="res\home.bmp">
      <Filter>Resource Files</Filter>
    </None>
    <None Include="res\idr_main.ico">
      <Filter>Resource Files</Filter>
    </None>
    <None Include="res\idr_part.ico">
      <Filter>Resource Files</Filter>
    </None>
    <None Include="res\info.bmp">
      <Filter>Resource Files</Filter>
    </None>
    <None Include="res\IToolbar.bmp">
      <Filter>Resource Files</Filter>
    </None>
    <None Include="res\LeoCAD.ico">
      <Filter>Resource Files</Filter>
    </None>
    <None Include="res\LeoCAD.rc2">
      <Filter>Resource Files</Filter>
    </None>
    <None Include="res\library.bmp">
      <Filter>Resource Files</Filter>
    </None>
    <None Include="res\light.bmp">
      <Filter>Resource Files</Filter>
    </None>
    <None Include="res\Light.cur">
      <Filter>Resource Files</Filter>
    </None>
    <None Include="res\mail.bmp">
      <Filter>Resource Files</Filter>
    </None>
    <None Include="res\Move.cur">
      <Filter>Resource Files</Filter>
    </None>
    <None Include="res\Paint.cur">
      <Filter>Resource Files</Filter>
    </None>
    <None Include="res\Pan.cur">
      <Filter>Resource Files</Filter>
    </None>
    <None Include="res\pan_ne.cur">
      <Filter>Resource Files</Filter>
    </None>
    <None Include="res\pan_nw.cur">
      <Filter>Resource Files</Filter>
    </None>
    <None Include="res\pan_se.cur">
      <Filter>Resource Files</Filter>
    </None>
    <None Include="res\pan_sw.cur">
      <Filter>Resource Files</Filter>
    </None>
    <None Include="res\panall.cur">
      <Filter>Resource Files</Filter>
    </None>
    <None Include="res\pandown.cur">
      <Filter>Resource Files</Filter>
    </None>
    <None Include="res\panleft.cur">
      <Filter>Resource Files</Filter>
    </None>
    <None Include="res\panright.cur">
      <Filter>Resource Files</Filter>
    </None>
    <None Include="res\panup.cur">
      <Filter>Resource Files</Filter>
    </None>
    <None Include="res\particon.bmp">
      <Filter>Resource Files</Filter>
    </None>
    <None Include="res\photo.bmp">
      <Filter>Resource Files</Filter>
    </None>
    <None Include="res\piece.bmp">
      <Filter>Resource Files</Filter>
    </None>
    <None Include="res\piecebar.bmp">
      <Filter>Resource Files</Filter>
    </None>
    <None Include="res\pieceed.bmp">
      <Filter>Resource Files</Filter>
    </None>
    <None Include="res\preferen.bmp">
      <Filter>Resource Files</Filter>
    </None>
    <None Include="res\preview.bmp">
      <Filter>Resource Files</Filter>
    </None>
    <None Include="Resource.hm">
      <Filter>Resource Files</Filter>
    </None>
    <None Include="res\roll.cur">
      <Filter>Resource Files</Filter>
    </None>
    <None Include="res\Rotate.cur">
      <Filter>Resource Files</Filter>
    </None>
    <None Include="res\rotx.cur">
      <Filter>Resource Files</Filter>
    </None>
    <None Include="res\roty.cur">
      <Filter>Resource Files</Filter>
    </None>
    <None Include="res\SelctGrp.cur">
      <Filter>Resource Files</Filter>
    </None>
    <None Include="res\select.cur">
      <Filter>Resource Files</Filter>
    </None>
    <None Include="res\split.cur">
      <Filter>Resource Files</Filter>
    </None>
    <None Include="res\terrain.bmp">
      <Filter>Resource Files</Filter>
    </None>
    <None Include="res\Toolbar.bmp">
      <Filter>Resource Files</Filter>
    </None>
    <None Include="res\toolsbar.bmp">
      <Filter>Resource Files</Filter>
    </None>
    <None Include="res\ungroup.bmp">
      <Filter>Resource Files</Filter>
    </None>
    <None Include="res\views.bmp">
      <Filter>Resource Files</Filter>
    </None>
    <None Include="res\Zoom.cur">
      <Filter>Resource Files</Filter>
    </None>
    <None Include="res\zoomin.bmp">
      <Filter>Resource Files</Filter>
    </None>
    <None Include="res\zoomout.bmp">
      <Filter>Resource Files</Filter>
    </None>
    <None Include="res\Zoomrect.cur">
      <Filter>Resource Files</Filter>
    </None>
    <None Include="hlp\AfxCore.rtf">
      <Filter>Help Files</Filter>
    </None>
    <None Include="hlp\AfxPrint.rtf">
      <Filter>Help Files</Filter>
    </None>
    <None Include="hlp\AppExit.bmp">
      <Filter>Help Files</Filter>
    </None>
    <None Include="hlp\Bullet.bmp">
      <Filter>Help Files</Filter>
    </None>
    <None Include="hlp\CurArw2.bmp">
      <Filter>Help Files</Filter>
    </None>
    <None Include="hlp\CurArw4.bmp">
      <Filter>Help Files</Filter>
    </None>
    <None Include="hlp\CurHelp.bmp">
      <Filter>Help Files</Filter>
    </None>
    <None Include="hlp\EditCopy.bmp">
      <Filter>Help Files</Filter>
    </None>
    <None Include="hlp\EditCut.bmp">
      <Filter>Help Files</Filter>
    </None>
    <None Include="hlp\EditPast.bmp">
      <Filter>Help Files</Filter>
    </None>
    <None Include="hlp\EditUndo.bmp">
      <Filter>Help Files</Filter>
    </None>
    <None Include="hlp\FileNew.bmp">
      <Filter>Help Files</Filter>
    </None>
    <None Include="hlp\FileOpen.bmp">
      <Filter>Help Files</Filter>
    </None>
    <None Include="hlp\FilePrnt.bmp">
      <Filter>Help Files</Filter>
    </None>
    <None Include="hlp\FileSave.bmp">
      <Filter>Help Files</Filter>
    </None>
    <None Include="hlp\HlpSBar.bmp">
      <Filter>Help Files</Filter>
    </None>
    <None Include="hlp\HlpTBar.bmp">
      <Filter>Help Files</Filter>
    </None>
    <None Include="hlp\LeoCAD.cnt">
      <Filter>Help Files</Filter>
    </None>
    <None Include="MakeHelp.bat">
      <Filter>Help Files</Filter>
    </None>
    <None Include="hlp\RecFirst.bmp">
      <Filter>Help Files</Filter>
    </None>
    <None Include="hlp\RecLast.bmp">
      <Filter>Help Files</Filter>
    </None>
    <None Include="hlp\RecNext.bmp">
      <Filter>Help Files</Filter>
    </None>
    <None Include="hlp\RecPrev.bmp">
      <Filter>Help Files</Filter>
    </None>
    <None Include="hlp\Scmax.bmp">
      <Filter>Help Files</Filter>
    </None>
    <None Include="hlp\ScMenu.bmp">
      <Filter>Help Files</Filter>
    </None>
    <None Include="hlp\Scmin.bmp">
      <Filter>Help Files</Filter>
    </None>
    <None Include="res\invisible.bmp">
      <Filter>Resource Files</Filter>
    </None>
  </ItemGroup>
  <ItemGroup>
    <ClInclude Include="AboutDlg.h">
      <Filter>Header Files</Filter>
    </ClInclude>
    <ClInclude Include="ArrayDlg.h">
      <Filter>Header Files</Filter>
    </ClInclude>
    <ClInclude Include="CADBar.h">
      <Filter>Header Files</Filter>
    </ClInclude>
    <ClInclude Include="CADDoc.h">
      <Filter>Header Files</Filter>
    </ClInclude>
    <ClInclude Include="CADView.h">
      <Filter>Header Files</Filter>
    </ClInclude>
    <ClInclude Include="categdlg.h">
      <Filter>Header Files</Filter>
    </ClInclude>
    <ClInclude Include="Clrpick.h">
      <Filter>Header Files</Filter>
    </ClInclude>
    <ClInclude Include="Clrpopup.h">
      <Filter>Header Files</Filter>
    </ClInclude>
    <ClInclude Include="ColorLst.h">
      <Filter>Header Files</Filter>
    </ClInclude>
    <ClInclude Include="Config.h">
      <Filter>Header Files</Filter>
    </ClInclude>
    <ClInclude Include="Disabtab.h">
      <Filter>Header Files</Filter>
    </ClInclude>
    <ClInclude Include="EdGrpDlg.h">
      <Filter>Header Files</Filter>
    </ClInclude>
    <ClInclude Include="Figdlg.h">
      <Filter>Header Files</Filter>
    </ClInclude>
    <ClInclude Include="GroupDlg.h">
      <Filter>Header Files</Filter>
    </ClInclude>
    <ClInclude Include="GrpTree.h">
      <Filter>Header Files</Filter>
    </ClInclude>
    <ClInclude Include="HTMLDlg.h">
      <Filter>Header Files</Filter>
    </ClInclude>
    <ClInclude Include="ImageDlg.h">
      <Filter>Header Files</Filter>
    </ClInclude>
    <ClInclude Include="Ipedit.h">
      <Filter>Header Files</Filter>
    </ClInclude>
    <ClInclude Include="keyedit.h">
      <Filter>Header Files</Filter>
    </ClInclude>
    <ClInclude Include="LeoCAD.h">
      <Filter>Header Files</Filter>
    </ClInclude>
    <ClInclude Include="LibDlg.h">
      <Filter>Header Files</Filter>
    </ClInclude>
    <ClInclude Include="MainFrm.h">
      <Filter>Header Files</Filter>
    </ClInclude>
    <ClInclude Include="Piecebar.h">
      <Filter>Header Files</Filter>
    </ClInclude>
    <ClInclude Include="PieceCmb.h">
      <Filter>Header Files</Filter>
    </ClInclude>
    <ClInclude Include="PiecePrv.h">
      <Filter>Header Files</Filter>
    </ClInclude>
    <ClInclude Include="Povdlg.h">
      <Filter>Header Files</Filter>
    </ClInclude>
    <ClInclude Include="PrefPage.h">
      <Filter>Header Files</Filter>
    </ClInclude>
    <ClInclude Include="PrefSht.h">
      <Filter>Header Files</Filter>
    </ClInclude>
    <ClInclude Include="Print.h">
      <Filter>Header Files</Filter>
    </ClInclude>
    <ClInclude Include="ProgDlg.h">
      <Filter>Header Files</Filter>
    </ClInclude>
    <ClInclude Include="PropsPgs.h">
      <Filter>Header Files</Filter>
    </ClInclude>
    <ClInclude Include="PropsSht.h">
      <Filter>Header Files</Filter>
    </ClInclude>
    <ClInclude Include="Resource.h">
      <Filter>Header Files</Filter>
    </ClInclude>
    <ClInclude Include="SelDlg.h">
      <Filter>Header Files</Filter>
    </ClInclude>
    <ClInclude Include="Splitter.h">
      <Filter>Header Files</Filter>
    </ClInclude>
    <ClInclude Include="StdAfx.h">
      <Filter>Header Files</Filter>
    </ClInclude>
    <ClInclude Include="StepDlg.h">
      <Filter>Header Files</Filter>
    </ClInclude>
    <ClInclude Include="StepPop.h">
      <Filter>Header Files</Filter>
    </ClInclude>
    <ClInclude Include="TerOpDlg.h">
      <Filter>Header Files</Filter>
    </ClInclude>
    <ClInclude Include="Terrctrl.h">
      <Filter>Header Files</Filter>
    </ClInclude>
    <ClInclude Include="TerrDlg.h">
      <Filter>Header Files</Filter>
    </ClInclude>
    <ClInclude Include="Terrwnd.h">
      <Filter>Header Files</Filter>
    </ClInclude>
    <ClInclude Include="texdlg.h">
      <Filter>Header Files</Filter>
    </ClInclude>
    <ClInclude Include="Tools.h">
      <Filter>Header Files</Filter>
    </ClInclude>
    <ClInclude Include="transdlg.h">
      <Filter>Header Files</Filter>
    </ClInclude>
    <ClInclude Include="..\common\array.h">
      <Filter>Common Header Files</Filter>
    </ClInclude>
    <ClInclude Include="..\common\basewnd.h">
      <Filter>Common Header Files</Filter>
    </ClInclude>
    <ClInclude Include="..\Common\camera.h">
      <Filter>Common Header Files</Filter>
    </ClInclude>
    <ClInclude Include="..\common\console.h">
      <Filter>Common Header Files</Filter>
    </ClInclude>
    <ClInclude Include="..\common\curve.h">
      <Filter>Common Header Files</Filter>
    </ClInclude>
    <ClInclude Include="..\Common\defines.h">
      <Filter>Common Header Files</Filter>
    </ClInclude>
    <ClInclude Include="..\Common\globals.h">
      <Filter>Common Header Files</Filter>
    </ClInclude>
    <ClInclude Include="..\common\glwindow.h">
      <Filter>Common Header Files</Filter>
    </ClInclude>
    <ClInclude Include="..\Common\group.h">
      <Filter>Common Header Files</Filter>
    </ClInclude>
    <ClInclude Include="..\Common\image.h">
      <Filter>Common Header Files</Filter>
    </ClInclude>
    <ClInclude Include="..\common\keyboard.h">
      <Filter>Common Header Files</Filter>
    </ClInclude>
    <ClInclude Include="..\common\lc_application.h">
      <Filter>Common Header Files</Filter>
    </ClInclude>
    <ClInclude Include="..\common\library.h">
      <Filter>Common Header Files</Filter>
    </ClInclude>
    <ClInclude Include="..\Common\light.h">
      <Filter>Common Header Files</Filter>
    </ClInclude>
    <ClInclude Include="..\common\mainwnd.h">
      <Filter>Common Header Files</Filter>
    </ClInclude>
    <ClInclude Include="..\Common\matrix.h">
      <Filter>Common Header Files</Filter>
    </ClInclude>
    <ClInclude Include="..\common\message.h">
      <Filter>Common Header Files</Filter>
    </ClInclude>
    <ClInclude Include="..\common\minifig.h">
      <Filter>Common Header Files</Filter>
    </ClInclude>
    <ClInclude Include="..\common\object.h">
      <Filter>Common Header Files</Filter>
    </ClInclude>
    <ClInclude Include="..\common\opengl.h">
      <Filter>Common Header Files</Filter>
    </ClInclude>
    <ClInclude Include="..\Common\piece.h">
      <Filter>Common Header Files</Filter>
    </ClInclude>
    <ClInclude Include="..\Common\pieceinf.h">
      <Filter>Common Header Files</Filter>
    </ClInclude>
    <ClInclude Include="..\common\preview.h">
      <Filter>Common Header Files</Filter>
    </ClInclude>
    <ClInclude Include="..\Common\project.h">
      <Filter>Common Header Files</Filter>
    </ClInclude>
    <ClInclude Include="..\Common\quant.h">
      <Filter>Common Header Files</Filter>
    </ClInclude>
    <ClInclude Include="..\common\str.h">
      <Filter>Common Header Files</Filter>
    </ClInclude>
    <ClInclude Include="..\common\system.h">
      <Filter>Common Header Files</Filter>
    </ClInclude>
    <ClInclude Include="..\Common\terrain.h">
      <Filter>Common Header Files</Filter>
    </ClInclude>
    <ClInclude Include="..\common\texfont.h">
      <Filter>Common Header Files</Filter>
    </ClInclude>
    <ClInclude Include="..\Common\texture.h">
      <Filter>Common Header Files</Filter>
    </ClInclude>
    <ClInclude Include="..\Common\Tr.h">
      <Filter>Common Header Files</Filter>
    </ClInclude>
    <ClInclude Include="..\Common\typedefs.h">
      <Filter>Common Header Files</Filter>
    </ClInclude>
    <ClInclude Include="..\common\view.h">
      <Filter>Common Header Files</Filter>
    </ClInclude>
    <ClInclude Include="dynsplit.h">
      <Filter>Header Files</Filter>
    </ClInclude>
    <ClInclude Include="..\common\lc_global.h">
      <Filter>Common Header Files</Filter>
    </ClInclude>
    <ClInclude Include="propertiespane.h">
      <Filter>Header Files</Filter>
    </ClInclude>
    <ClInclude Include="propertiesgridctrl.h">
      <Filter>Header Files</Filter>
    </ClInclude>
    <ClInclude Include="..\common\lc_file.h">
      <Filter>Common Header Files</Filter>
    </ClInclude>
    <ClInclude Include="..\common\lc_colors.h">
      <Filter>Common Header Files</Filter>
    </ClInclude>
    <ClInclude Include="..\common\lc_math.h">
      <Filter>Common Header Files</Filter>
    </ClInclude>
    <ClInclude Include="..\common\lc_mesh.h">
      <Filter>Common Header Files</Filter>
    </ClInclude>
  </ItemGroup>
  <ItemGroup>
    <CustomBuild Include="hlp\LeoCAD.hpj">
      <Filter>Source Files</Filter>
    </CustomBuild>
  </ItemGroup>
  <ItemGroup>
    <ResourceCompile Include="LeoCAD.rc">
      <Filter>Source Files</Filter>
    </ResourceCompile>
  </ItemGroup>
</Project>