// !$*UTF8*$!
{
	archiveVersion = 1;
	classes = {
	};
	objectVersion = 45;
	objects = {

/* Begin PBXBuildFile section */
		1D3623260D0F684500981E51 /* LeoCADAppDelegate.m in Sources */ = {isa = PBXBuildFile; fileRef = 1D3623250D0F684500981E51 /* LeoCADAppDelegate.m */; };
		1D60589B0D05DD56006BFB54 /* main.m in Sources */ = {isa = PBXBuildFile; fileRef = 29B97316FDCFA39411CA2CEA /* main.m */; };
		1D60589F0D05DD5A006BFB54 /* Foundation.framework in Frameworks */ = {isa = PBXBuildFile; fileRef = 1D30AB110D05D00D00671497 /* Foundation.framework */; };
		1DF5F4E00D08C38300B7A737 /* UIKit.framework in Frameworks */ = {isa = PBXBuildFile; fileRef = 1DF5F4DF0D08C38300B7A737 /* UIKit.framework */; };
		28AD733F0D9D9553002E5188 /* MainWindow.xib in Resources */ = {isa = PBXBuildFile; fileRef = 28AD733E0D9D9553002E5188 /* MainWindow.xib */; };
		28FD14FE0DC6FC130079059D /* EAGLView.m in Sources */ = {isa = PBXBuildFile; fileRef = 28FD14FD0DC6FC130079059D /* EAGLView.m */; };
		28FD15000DC6FC520079059D /* OpenGLES.framework in Frameworks */ = {isa = PBXBuildFile; fileRef = 28FD14FF0DC6FC520079059D /* OpenGLES.framework */; };
		28FD15080DC6FC5B0079059D /* QuartzCore.framework in Frameworks */ = {isa = PBXBuildFile; fileRef = 28FD15070DC6FC5B0079059D /* QuartzCore.framework */; };
		B37BC4730F4E06FA00C208E5 /* algebra.cpp in Sources */ = {isa = PBXBuildFile; fileRef = B37BC4280F4E06FA00C208E5 /* algebra.cpp */; };
		B37BC4750F4E06FA00C208E5 /* camera.cpp in Sources */ = {isa = PBXBuildFile; fileRef = B37BC42D0F4E06FA00C208E5 /* camera.cpp */; };
		B37BC4760F4E06FA00C208E5 /* console.cpp in Sources */ = {isa = PBXBuildFile; fileRef = B37BC42F0F4E06FA00C208E5 /* console.cpp */; };
		B37BC4770F4E06FA00C208E5 /* curve.cpp in Sources */ = {isa = PBXBuildFile; fileRef = B37BC4310F4E06FA00C208E5 /* curve.cpp */; };
		B37BC4780F4E06FA00C208E5 /* debug.cpp in Sources */ = {isa = PBXBuildFile; fileRef = B37BC4330F4E06FA00C208E5 /* debug.cpp */; };
		B37BC4790F4E06FA00C208E5 /* file.cpp in Sources */ = {isa = PBXBuildFile; fileRef = B37BC4360F4E06FA00C208E5 /* file.cpp */; };
		B37BC47A0F4E06FA00C208E5 /* globals.cpp in Sources */ = {isa = PBXBuildFile; fileRef = B37BC4380F4E06FA00C208E5 /* globals.cpp */; };
		B37BC47B0F4E06FA00C208E5 /* group.cpp in Sources */ = {isa = PBXBuildFile; fileRef = B37BC43B0F4E06FA00C208E5 /* group.cpp */; };
		B37BC47C0F4E06FA00C208E5 /* im_bmp.cpp in Sources */ = {isa = PBXBuildFile; fileRef = B37BC43D0F4E06FA00C208E5 /* im_bmp.cpp */; };
		B37BC47D0F4E06FA00C208E5 /* im_gif.cpp in Sources */ = {isa = PBXBuildFile; fileRef = B37BC43E0F4E06FA00C208E5 /* im_gif.cpp */; };
		B37BC47E0F4E06FA00C208E5 /* im_jpg.cpp in Sources */ = {isa = PBXBuildFile; fileRef = B37BC43F0F4E06FA00C208E5 /* im_jpg.cpp */; };
		B37BC47F0F4E06FA00C208E5 /* im_png.cpp in Sources */ = {isa = PBXBuildFile; fileRef = B37BC4400F4E06FA00C208E5 /* im_png.cpp */; };
		B37BC4800F4E06FA00C208E5 /* image.cpp in Sources */ = {isa = PBXBuildFile; fileRef = B37BC4410F4E06FA00C208E5 /* image.cpp */; };
		B37BC4810F4E06FA00C208E5 /* keyboard.cpp in Sources */ = {isa = PBXBuildFile; fileRef = B37BC4430F4E06FA00C208E5 /* keyboard.cpp */; };
		B37BC4820F4E06FA00C208E5 /* lc_application.cpp in Sources */ = {isa = PBXBuildFile; fileRef = B37BC4450F4E06FA00C208E5 /* lc_application.cpp */; };
		B37BC4830F4E06FA00C208E5 /* library.cpp in Sources */ = {isa = PBXBuildFile; fileRef = B37BC4470F4E06FA00C208E5 /* library.cpp */; };
		B37BC4840F4E06FA00C208E5 /* light.cpp in Sources */ = {isa = PBXBuildFile; fileRef = B37BC4490F4E06FA00C208E5 /* light.cpp */; };
		B37BC4850F4E06FA00C208E5 /* mainwnd.cpp in Sources */ = {isa = PBXBuildFile; fileRef = B37BC44B0F4E06FA00C208E5 /* mainwnd.cpp */; };
		B37BC4870F4E06FA00C208E5 /* matrix.cpp in Sources */ = {isa = PBXBuildFile; fileRef = B37BC44E0F4E06FA00C208E5 /* matrix.cpp */; };
		B37BC4880F4E06FA00C208E5 /* message.cpp in Sources */ = {isa = PBXBuildFile; fileRef = B37BC4500F4E06FA00C208E5 /* message.cpp */; };
		B37BC4890F4E06FA00C208E5 /* minifig.cpp in Sources */ = {isa = PBXBuildFile; fileRef = B37BC4520F4E06FA00C208E5 /* minifig.cpp */; };
		B37BC48B0F4E06FA00C208E5 /* object.cpp in Sources */ = {isa = PBXBuildFile; fileRef = B37BC4550F4E06FA00C208E5 /* object.cpp */; };
		B37BC48C0F4E06FA00C208E5 /* opengl.cpp in Sources */ = {isa = PBXBuildFile; fileRef = B37BC4570F4E06FA00C208E5 /* opengl.cpp */; };
		B37BC48D0F4E06FA00C208E5 /* piece.cpp in Sources */ = {isa = PBXBuildFile; fileRef = B37BC4590F4E06FA00C208E5 /* piece.cpp */; };
		B37BC48E0F4E06FA00C208E5 /* pieceinf.cpp in Sources */ = {isa = PBXBuildFile; fileRef = B37BC45B0F4E06FA00C208E5 /* pieceinf.cpp */; };
		B37BC48F0F4E06FA00C208E5 /* preview.cpp in Sources */ = {isa = PBXBuildFile; fileRef = B37BC45D0F4E06FA00C208E5 /* preview.cpp */; };
		B37BC4900F4E06FA00C208E5 /* project.cpp in Sources */ = {isa = PBXBuildFile; fileRef = B37BC45F0F4E06FA00C208E5 /* project.cpp */; };
		B37BC4910F4E06FA00C208E5 /* quant.cpp in Sources */ = {isa = PBXBuildFile; fileRef = B37BC4610F4E06FA00C208E5 /* quant.cpp */; };
		B37BC4920F4E06FA00C208E5 /* str.cpp in Sources */ = {isa = PBXBuildFile; fileRef = B37BC4630F4E06FA00C208E5 /* str.cpp */; };
		B37BC4930F4E06FA00C208E5 /* terrain.cpp in Sources */ = {isa = PBXBuildFile; fileRef = B37BC4660F4E06FA00C208E5 /* terrain.cpp */; };
		B37BC4940F4E06FA00C208E5 /* texfont.cpp in Sources */ = {isa = PBXBuildFile; fileRef = B37BC4680F4E06FA00C208E5 /* texfont.cpp */; };
		B37BC4950F4E06FA00C208E5 /* texture.cpp in Sources */ = {isa = PBXBuildFile; fileRef = B37BC46A0F4E06FA00C208E5 /* texture.cpp */; };
		B37BC4960F4E06FA00C208E5 /* tr.cpp in Sources */ = {isa = PBXBuildFile; fileRef = B37BC46C0F4E06FA00C208E5 /* tr.cpp */; };
		B37BC4970F4E06FA00C208E5 /* vector.cpp in Sources */ = {isa = PBXBuildFile; fileRef = B37BC46F0F4E06FA00C208E5 /* vector.cpp */; };
		B37BC4980F4E06FA00C208E5 /* view.cpp in Sources */ = {isa = PBXBuildFile; fileRef = B37BC4710F4E06FA00C208E5 /* view.cpp */; };
		B38CAC890F76170E006495F1 /* basewnd.cpp in Sources */ = {isa = PBXBuildFile; fileRef = B38CAC880F76170E006495F1 /* basewnd.cpp */; };
		B38CAC8E0F76184D006495F1 /* system.cpp in Sources */ = {isa = PBXBuildFile; fileRef = B38CAC8D0F76184D006495F1 /* system.cpp */; };
		B38CAC9A0F761A53006495F1 /* glwindow.cpp in Sources */ = {isa = PBXBuildFile; fileRef = B38CAC990F761A53006495F1 /* glwindow.cpp */; };
		B38CAD2C0F76268E006495F1 /* pieces.bin in Resources */ = {isa = PBXBuildFile; fileRef = B38CAD270F76268E006495F1 /* pieces.bin */; };
		B38CAD2D0F76268E006495F1 /* pieces.idx in Resources */ = {isa = PBXBuildFile; fileRef = B38CAD280F76268E006495F1 /* pieces.idx */; };
		B38CAD2E0F76268E006495F1 /* sysfont.txf in Resources */ = {isa = PBXBuildFile; fileRef = B38CAD290F76268E006495F1 /* sysfont.txf */; };
		B38CAD2F0F76268E006495F1 /* textures.bin in Resources */ = {isa = PBXBuildFile; fileRef = B38CAD2A0F76268E006495F1 /* textures.bin */; };
		B38CAD300F76268E006495F1 /* textures.idx in Resources */ = {isa = PBXBuildFile; fileRef = B38CAD2B0F76268E006495F1 /* textures.idx */; };
		B3F5CF190F76F98900C9D249 /* Icon.png in Resources */ = {isa = PBXBuildFile; fileRef = B3F5CF180F76F98900C9D249 /* Icon.png */; };
/* End PBXBuildFile section */

/* Begin PBXFileReference section */
		1D30AB110D05D00D00671497 /* Foundation.framework */ = {isa = PBXFileReference; lastKnownFileType = wrapper.framework; name = Foundation.framework; path = System/Library/Frameworks/Foundation.framework; sourceTree = SDKROOT; };
		1D3623240D0F684500981E51 /* LeoCADAppDelegate.h */ = {isa = PBXFileReference; fileEncoding = 4; lastKnownFileType = sourcecode.c.h; path = LeoCADAppDelegate.h; sourceTree = "<group>"; };
		1D3623250D0F684500981E51 /* LeoCADAppDelegate.m */ = {isa = PBXFileReference; explicitFileType = sourcecode.cpp.objcpp; fileEncoding = 4; path = LeoCADAppDelegate.m; sourceTree = "<group>"; };
		1D6058910D05DD3D006BFB54 /* LeoCAD.app */ = {isa = PBXFileReference; explicitFileType = wrapper.application; includeInIndex = 0; path = LeoCAD.app; sourceTree = BUILT_PRODUCTS_DIR; };
		1DF5F4DF0D08C38300B7A737 /* UIKit.framework */ = {isa = PBXFileReference; lastKnownFileType = wrapper.framework; name = UIKit.framework; path = System/Library/Frameworks/UIKit.framework; sourceTree = SDKROOT; };
		28AD733E0D9D9553002E5188 /* MainWindow.xib */ = {isa = PBXFileReference; lastKnownFileType = file.xib; path = MainWindow.xib; sourceTree = "<group>"; };
		28FD14FC0DC6FC130079059D /* EAGLView.h */ = {isa = PBXFileReference; fileEncoding = 4; lastKnownFileType = sourcecode.c.h; path = EAGLView.h; sourceTree = "<group>"; };
		28FD14FD0DC6FC130079059D /* EAGLView.m */ = {isa = PBXFileReference; explicitFileType = sourcecode.cpp.objcpp; fileEncoding = 4; path = EAGLView.m; sourceTree = "<group>"; };
		28FD14FF0DC6FC520079059D /* OpenGLES.framework */ = {isa = PBXFileReference; lastKnownFileType = wrapper.framework; name = OpenGLES.framework; path = System/Library/Frameworks/OpenGLES.framework; sourceTree = SDKROOT; };
		28FD15070DC6FC5B0079059D /* QuartzCore.framework */ = {isa = PBXFileReference; lastKnownFileType = wrapper.framework; name = QuartzCore.framework; path = System/Library/Frameworks/QuartzCore.framework; sourceTree = SDKROOT; };
		29B97316FDCFA39411CA2CEA /* main.m */ = {isa = PBXFileReference; explicitFileType = sourcecode.cpp.objcpp; fileEncoding = 4; path = main.m; sourceTree = "<group>"; };
		32CA4F630368D1EE00C91783 /* LeoCAD_Prefix.pch */ = {isa = PBXFileReference; fileEncoding = 4; lastKnownFileType = sourcecode.c.h; path = LeoCAD_Prefix.pch; sourceTree = "<group>"; };
		8D1107310486CEB800E47090 /* Info.plist */ = {isa = PBXFileReference; fileEncoding = 4; lastKnownFileType = text.plist.xml; path = Info.plist; sourceTree = "<group>"; };
		B37BC4280F4E06FA00C208E5 /* algebra.cpp */ = {isa = PBXFileReference; explicitFileType = sourcecode.cpp.objcpp; fileEncoding = 4; name = algebra.cpp; path = ../common/algebra.cpp; sourceTree = SOURCE_ROOT; };
		B37BC4290F4E06FA00C208E5 /* algebra.h */ = {isa = PBXFileReference; fileEncoding = 4; lastKnownFileType = sourcecode.c.h; name = algebra.h; path = ../common/algebra.h; sourceTree = SOURCE_ROOT; };
		B37BC42A0F4E06FA00C208E5 /* array.cpp */ = {isa = PBXFileReference; explicitFileType = sourcecode.cpp.objcpp; fileEncoding = 4; name = array.cpp; path = ../common/array.cpp; sourceTree = SOURCE_ROOT; };
		B37BC42B0F4E06FA00C208E5 /* array.h */ = {isa = PBXFileReference; fileEncoding = 4; lastKnownFileType = sourcecode.c.h; name = array.h; path = ../common/array.h; sourceTree = SOURCE_ROOT; };
		B37BC42C0F4E06FA00C208E5 /* basewnd.h */ = {isa = PBXFileReference; fileEncoding = 4; lastKnownFileType = sourcecode.c.h; name = basewnd.h; path = ../common/basewnd.h; sourceTree = SOURCE_ROOT; };
		B37BC42D0F4E06FA00C208E5 /* camera.cpp */ = {isa = PBXFileReference; explicitFileType = sourcecode.cpp.objcpp; fileEncoding = 4; name = camera.cpp; path = ../common/camera.cpp; sourceTree = SOURCE_ROOT; };
		B37BC42E0F4E06FA00C208E5 /* camera.h */ = {isa = PBXFileReference; fileEncoding = 4; lastKnownFileType = sourcecode.c.h; name = camera.h; path = ../common/camera.h; sourceTree = SOURCE_ROOT; };
		B37BC42F0F4E06FA00C208E5 /* console.cpp */ = {isa = PBXFileReference; explicitFileType = sourcecode.cpp.objcpp; fileEncoding = 4; name = console.cpp; path = ../common/console.cpp; sourceTree = SOURCE_ROOT; };
		B37BC4300F4E06FA00C208E5 /* console.h */ = {isa = PBXFileReference; fileEncoding = 4; lastKnownFileType = sourcecode.c.h; name = console.h; path = ../common/console.h; sourceTree = SOURCE_ROOT; };
		B37BC4310F4E06FA00C208E5 /* curve.cpp */ = {isa = PBXFileReference; explicitFileType = sourcecode.cpp.objcpp; fileEncoding = 4; name = curve.cpp; path = ../common/curve.cpp; sourceTree = SOURCE_ROOT; };
		B37BC4320F4E06FA00C208E5 /* curve.h */ = {isa = PBXFileReference; fileEncoding = 4; lastKnownFileType = sourcecode.c.h; name = curve.h; path = ../common/curve.h; sourceTree = SOURCE_ROOT; };
		B37BC4330F4E06FA00C208E5 /* debug.cpp */ = {isa = PBXFileReference; explicitFileType = sourcecode.cpp.objcpp; fileEncoding = 4; name = debug.cpp; path = ../common/debug.cpp; sourceTree = SOURCE_ROOT; };
		B37BC4340F4E06FA00C208E5 /* debug.h */ = {isa = PBXFileReference; fileEncoding = 4; lastKnownFileType = sourcecode.c.h; name = debug.h; path = ../common/debug.h; sourceTree = SOURCE_ROOT; };
		B37BC4350F4E06FA00C208E5 /* defines.h */ = {isa = PBXFileReference; fileEncoding = 4; lastKnownFileType = sourcecode.c.h; name = defines.h; path = ../common/defines.h; sourceTree = SOURCE_ROOT; };
		B37BC4360F4E06FA00C208E5 /* file.cpp */ = {isa = PBXFileReference; explicitFileType = sourcecode.cpp.objcpp; fileEncoding = 4; name = file.cpp; path = ../common/file.cpp; sourceTree = SOURCE_ROOT; };
		B37BC4370F4E06FA00C208E5 /* file.h */ = {isa = PBXFileReference; fileEncoding = 4; lastKnownFileType = sourcecode.c.h; name = file.h; path = ../common/file.h; sourceTree = SOURCE_ROOT; };
		B37BC4380F4E06FA00C208E5 /* globals.cpp */ = {isa = PBXFileReference; explicitFileType = sourcecode.cpp.objcpp; fileEncoding = 4; name = globals.cpp; path = ../common/globals.cpp; sourceTree = SOURCE_ROOT; };
		B37BC4390F4E06FA00C208E5 /* globals.h */ = {isa = PBXFileReference; fileEncoding = 4; lastKnownFileType = sourcecode.c.h; name = globals.h; path = ../common/globals.h; sourceTree = SOURCE_ROOT; };
		B37BC43A0F4E06FA00C208E5 /* glwindow.h */ = {isa = PBXFileReference; fileEncoding = 4; lastKnownFileType = sourcecode.c.h; name = glwindow.h; path = ../common/glwindow.h; sourceTree = SOURCE_ROOT; };
		B37BC43B0F4E06FA00C208E5 /* group.cpp */ = {isa = PBXFileReference; explicitFileType = sourcecode.cpp.objcpp; fileEncoding = 4; name = group.cpp; path = ../common/group.cpp; sourceTree = SOURCE_ROOT; };
		B37BC43C0F4E06FA00C208E5 /* group.h */ = {isa = PBXFileReference; fileEncoding = 4; lastKnownFileType = sourcecode.c.h; name = group.h; path = ../common/group.h; sourceTree = SOURCE_ROOT; };
		B37BC43D0F4E06FA00C208E5 /* im_bmp.cpp */ = {isa = PBXFileReference; explicitFileType = sourcecode.cpp.objcpp; fileEncoding = 4; name = im_bmp.cpp; path = ../common/im_bmp.cpp; sourceTree = SOURCE_ROOT; };
		B37BC43E0F4E06FA00C208E5 /* im_gif.cpp */ = {isa = PBXFileReference; explicitFileType = sourcecode.cpp.objcpp; fileEncoding = 4; name = im_gif.cpp; path = ../common/im_gif.cpp; sourceTree = SOURCE_ROOT; };
		B37BC43F0F4E06FA00C208E5 /* im_jpg.cpp */ = {isa = PBXFileReference; explicitFileType = sourcecode.cpp.objcpp; fileEncoding = 4; name = im_jpg.cpp; path = ../common/im_jpg.cpp; sourceTree = SOURCE_ROOT; };
		B37BC4400F4E06FA00C208E5 /* im_png.cpp */ = {isa = PBXFileReference; explicitFileType = sourcecode.cpp.objcpp; fileEncoding = 4; name = im_png.cpp; path = ../common/im_png.cpp; sourceTree = SOURCE_ROOT; };
		B37BC4410F4E06FA00C208E5 /* image.cpp */ = {isa = PBXFileReference; explicitFileType = sourcecode.cpp.objcpp; fileEncoding = 4; name = image.cpp; path = ../common/image.cpp; sourceTree = SOURCE_ROOT; };
		B37BC4420F4E06FA00C208E5 /* image.h */ = {isa = PBXFileReference; fileEncoding = 4; lastKnownFileType = sourcecode.c.h; name = image.h; path = ../common/image.h; sourceTree = SOURCE_ROOT; };
		B37BC4430F4E06FA00C208E5 /* keyboard.cpp */ = {isa = PBXFileReference; explicitFileType = sourcecode.cpp.objcpp; fileEncoding = 4; name = keyboard.cpp; path = ../common/keyboard.cpp; sourceTree = SOURCE_ROOT; };
		B37BC4440F4E06FA00C208E5 /* keyboard.h */ = {isa = PBXFileReference; fileEncoding = 4; lastKnownFileType = sourcecode.c.h; name = keyboard.h; path = ../common/keyboard.h; sourceTree = SOURCE_ROOT; };
		B37BC4450F4E06FA00C208E5 /* lc_application.cpp */ = {isa = PBXFileReference; explicitFileType = sourcecode.cpp.objcpp; fileEncoding = 4; name = lc_application.cpp; path = ../common/lc_application.cpp; sourceTree = SOURCE_ROOT; };
		B37BC4460F4E06FA00C208E5 /* lc_application.h */ = {isa = PBXFileReference; fileEncoding = 4; lastKnownFileType = sourcecode.c.h; name = lc_application.h; path = ../common/lc_application.h; sourceTree = SOURCE_ROOT; };
		B37BC4470F4E06FA00C208E5 /* library.cpp */ = {isa = PBXFileReference; explicitFileType = sourcecode.cpp.objcpp; fileEncoding = 4; name = library.cpp; path = ../common/library.cpp; sourceTree = SOURCE_ROOT; };
		B37BC4480F4E06FA00C208E5 /* library.h */ = {isa = PBXFileReference; fileEncoding = 4; lastKnownFileType = sourcecode.c.h; name = library.h; path = ../common/library.h; sourceTree = SOURCE_ROOT; };
		B37BC4490F4E06FA00C208E5 /* light.cpp */ = {isa = PBXFileReference; explicitFileType = sourcecode.cpp.objcpp; fileEncoding = 4; name = light.cpp; path = ../common/light.cpp; sourceTree = SOURCE_ROOT; };
		B37BC44A0F4E06FA00C208E5 /* light.h */ = {isa = PBXFileReference; fileEncoding = 4; lastKnownFileType = sourcecode.c.h; name = light.h; path = ../common/light.h; sourceTree = SOURCE_ROOT; };
		B37BC44B0F4E06FA00C208E5 /* mainwnd.cpp */ = {isa = PBXFileReference; explicitFileType = sourcecode.cpp.objcpp; fileEncoding = 4; name = mainwnd.cpp; path = ../common/mainwnd.cpp; sourceTree = SOURCE_ROOT; };
		B37BC44C0F4E06FA00C208E5 /* mainwnd.h */ = {isa = PBXFileReference; fileEncoding = 4; lastKnownFileType = sourcecode.c.h; name = mainwnd.h; path = ../common/mainwnd.h; sourceTree = SOURCE_ROOT; };
		B37BC44E0F4E06FA00C208E5 /* matrix.cpp */ = {isa = PBXFileReference; explicitFileType = sourcecode.cpp.objcpp; fileEncoding = 4; name = matrix.cpp; path = ../common/matrix.cpp; sourceTree = SOURCE_ROOT; };
		B37BC44F0F4E06FA00C208E5 /* matrix.h */ = {isa = PBXFileReference; fileEncoding = 4; lastKnownFileType = sourcecode.c.h; name = matrix.h; path = ../common/matrix.h; sourceTree = SOURCE_ROOT; };
		B37BC4500F4E06FA00C208E5 /* message.cpp */ = {isa = PBXFileReference; explicitFileType = sourcecode.cpp.objcpp; fileEncoding = 4; name = message.cpp; path = ../common/message.cpp; sourceTree = SOURCE_ROOT; };
		B37BC4510F4E06FA00C208E5 /* message.h */ = {isa = PBXFileReference; fileEncoding = 4; lastKnownFileType = sourcecode.c.h; name = message.h; path = ../common/message.h; sourceTree = SOURCE_ROOT; };
		B37BC4520F4E06FA00C208E5 /* minifig.cpp */ = {isa = PBXFileReference; explicitFileType = sourcecode.cpp.objcpp; fileEncoding = 4; name = minifig.cpp; path = ../common/minifig.cpp; sourceTree = SOURCE_ROOT; };
		B37BC4530F4E06FA00C208E5 /* minifig.h */ = {isa = PBXFileReference; fileEncoding = 4; lastKnownFileType = sourcecode.c.h; name = minifig.h; path = ../common/minifig.h; sourceTree = SOURCE_ROOT; };
		B37BC4550F4E06FA00C208E5 /* object.cpp */ = {isa = PBXFileReference; explicitFileType = sourcecode.cpp.objcpp; fileEncoding = 4; name = object.cpp; path = ../common/object.cpp; sourceTree = SOURCE_ROOT; };
		B37BC4560F4E06FA00C208E5 /* object.h */ = {isa = PBXFileReference; fileEncoding = 4; lastKnownFileType = sourcecode.c.h; name = object.h; path = ../common/object.h; sourceTree = SOURCE_ROOT; };
		B37BC4570F4E06FA00C208E5 /* opengl.cpp */ = {isa = PBXFileReference; explicitFileType = sourcecode.cpp.objcpp; fileEncoding = 4; name = opengl.cpp; path = ../common/opengl.cpp; sourceTree = SOURCE_ROOT; };
		B37BC4580F4E06FA00C208E5 /* opengl.h */ = {isa = PBXFileReference; fileEncoding = 4; lastKnownFileType = sourcecode.c.h; name = opengl.h; path = ../common/opengl.h; sourceTree = SOURCE_ROOT; };
		B37BC4590F4E06FA00C208E5 /* piece.cpp */ = {isa = PBXFileReference; explicitFileType = sourcecode.cpp.objcpp; fileEncoding = 4; name = piece.cpp; path = ../common/piece.cpp; sourceTree = SOURCE_ROOT; };
		B37BC45A0F4E06FA00C208E5 /* piece.h */ = {isa = PBXFileReference; fileEncoding = 4; lastKnownFileType = sourcecode.c.h; name = piece.h; path = ../common/piece.h; sourceTree = SOURCE_ROOT; };
		B37BC45B0F4E06FA00C208E5 /* pieceinf.cpp */ = {isa = PBXFileReference; explicitFileType = sourcecode.cpp.objcpp; fileEncoding = 4; name = pieceinf.cpp; path = ../common/pieceinf.cpp; sourceTree = SOURCE_ROOT; };
		B37BC45C0F4E06FA00C208E5 /* pieceinf.h */ = {isa = PBXFileReference; fileEncoding = 4; lastKnownFileType = sourcecode.c.h; name = pieceinf.h; path = ../common/pieceinf.h; sourceTree = SOURCE_ROOT; };
		B37BC45D0F4E06FA00C208E5 /* preview.cpp */ = {isa = PBXFileReference; explicitFileType = sourcecode.cpp.objcpp; fileEncoding = 4; name = preview.cpp; path = ../common/preview.cpp; sourceTree = SOURCE_ROOT; };
		B37BC45E0F4E06FA00C208E5 /* preview.h */ = {isa = PBXFileReference; fileEncoding = 4; lastKnownFileType = sourcecode.c.h; name = preview.h; path = ../common/preview.h; sourceTree = SOURCE_ROOT; };
		B37BC45F0F4E06FA00C208E5 /* project.cpp */ = {isa = PBXFileReference; explicitFileType = sourcecode.cpp.objcpp; fileEncoding = 4; name = project.cpp; path = ../common/project.cpp; sourceTree = SOURCE_ROOT; };
		B37BC4600F4E06FA00C208E5 /* project.h */ = {isa = PBXFileReference; fileEncoding = 4; lastKnownFileType = sourcecode.c.h; name = project.h; path = ../common/project.h; sourceTree = SOURCE_ROOT; };
		B37BC4610F4E06FA00C208E5 /* quant.cpp */ = {isa = PBXFileReference; explicitFileType = sourcecode.cpp.objcpp; fileEncoding = 4; name = quant.cpp; path = ../common/quant.cpp; sourceTree = SOURCE_ROOT; };
		B37BC4620F4E06FA00C208E5 /* quant.h */ = {isa = PBXFileReference; fileEncoding = 4; lastKnownFileType = sourcecode.c.h; name = quant.h; path = ../common/quant.h; sourceTree = SOURCE_ROOT; };
		B37BC4630F4E06FA00C208E5 /* str.cpp */ = {isa = PBXFileReference; fileEncoding = 4; lastKnownFileType = sourcecode.cpp.cpp; name = str.cpp; path = ../common/str.cpp; sourceTree = SOURCE_ROOT; };
		B37BC4640F4E06FA00C208E5 /* str.h */ = {isa = PBXFileReference; fileEncoding = 4; lastKnownFileType = sourcecode.c.h; name = str.h; path = ../common/str.h; sourceTree = SOURCE_ROOT; };
		B37BC4650F4E06FA00C208E5 /* system.h */ = {isa = PBXFileReference; fileEncoding = 4; lastKnownFileType = sourcecode.c.h; name = system.h; path = ../common/system.h; sourceTree = SOURCE_ROOT; };
		B37BC4660F4E06FA00C208E5 /* terrain.cpp */ = {isa = PBXFileReference; explicitFileType = sourcecode.cpp.objcpp; fileEncoding = 4; name = terrain.cpp; path = ../common/terrain.cpp; sourceTree = SOURCE_ROOT; };
		B37BC4670F4E06FA00C208E5 /* terrain.h */ = {isa = PBXFileReference; fileEncoding = 4; lastKnownFileType = sourcecode.c.h; name = terrain.h; path = ../common/terrain.h; sourceTree = SOURCE_ROOT; };
		B37BC4680F4E06FA00C208E5 /* texfont.cpp */ = {isa = PBXFileReference; explicitFileType = sourcecode.cpp.objcpp; fileEncoding = 4; name = texfont.cpp; path = ../common/texfont.cpp; sourceTree = SOURCE_ROOT; };
		B37BC4690F4E06FA00C208E5 /* texfont.h */ = {isa = PBXFileReference; fileEncoding = 4; lastKnownFileType = sourcecode.c.h; name = texfont.h; path = ../common/texfont.h; sourceTree = SOURCE_ROOT; };
		B37BC46A0F4E06FA00C208E5 /* texture.cpp */ = {isa = PBXFileReference; explicitFileType = sourcecode.cpp.objcpp; fileEncoding = 4; name = texture.cpp; path = ../common/texture.cpp; sourceTree = SOURCE_ROOT; };
		B37BC46B0F4E06FA00C208E5 /* texture.h */ = {isa = PBXFileReference; fileEncoding = 4; lastKnownFileType = sourcecode.c.h; name = texture.h; path = ../common/texture.h; sourceTree = SOURCE_ROOT; };
		B37BC46C0F4E06FA00C208E5 /* tr.cpp */ = {isa = PBXFileReference; explicitFileType = sourcecode.cpp.objcpp; fileEncoding = 4; name = tr.cpp; path = ../common/tr.cpp; sourceTree = SOURCE_ROOT; };
		B37BC46D0F4E06FA00C208E5 /* tr.h */ = {isa = PBXFileReference; fileEncoding = 4; lastKnownFileType = sourcecode.c.h; name = tr.h; path = ../common/tr.h; sourceTree = SOURCE_ROOT; };
		B37BC46E0F4E06FA00C208E5 /* typedefs.h */ = {isa = PBXFileReference; fileEncoding = 4; lastKnownFileType = sourcecode.c.h; name = typedefs.h; path = ../common/typedefs.h; sourceTree = SOURCE_ROOT; };
		B37BC46F0F4E06FA00C208E5 /* vector.cpp */ = {isa = PBXFileReference; explicitFileType = sourcecode.cpp.objcpp; fileEncoding = 4; name = vector.cpp; path = ../common/vector.cpp; sourceTree = SOURCE_ROOT; };
		B37BC4700F4E06FA00C208E5 /* vector.h */ = {isa = PBXFileReference; fileEncoding = 4; lastKnownFileType = sourcecode.c.h; name = vector.h; path = ../common/vector.h; sourceTree = SOURCE_ROOT; };
		B37BC4710F4E06FA00C208E5 /* view.cpp */ = {isa = PBXFileReference; explicitFileType = sourcecode.cpp.objcpp; fileEncoding = 4; name = view.cpp; path = ../common/view.cpp; sourceTree = SOURCE_ROOT; };
		B37BC4720F4E06FA00C208E5 /* view.h */ = {isa = PBXFileReference; fileEncoding = 4; lastKnownFileType = sourcecode.c.h; name = view.h; path = ../common/view.h; sourceTree = SOURCE_ROOT; };
		B37BC4D30F4E0A2500C208E5 /* config.h */ = {isa = PBXFileReference; fileEncoding = 4; lastKnownFileType = sourcecode.c.h; path = config.h; sourceTree = "<group>"; };
		B38CAC880F76170E006495F1 /* basewnd.cpp */ = {isa = PBXFileReference; explicitFileType = sourcecode.cpp.objcpp; fileEncoding = 4; path = basewnd.cpp; sourceTree = "<group>"; };
		B38CAC8D0F76184D006495F1 /* system.cpp */ = {isa = PBXFileReference; explicitFileType = sourcecode.cpp.objcpp; fileEncoding = 4; path = system.cpp; sourceTree = "<group>"; };
		B38CAC990F761A53006495F1 /* glwindow.cpp */ = {isa = PBXFileReference; explicitFileType = sourcecode.cpp.objcpp; fileEncoding = 4; path = glwindow.cpp; sourceTree = "<group>"; };
		B38CAD270F76268E006495F1 /* pieces.bin */ = {isa = PBXFileReference; lastKnownFileType = archive.macbinary; path = pieces.bin; sourceTree = "<group>"; };
		B38CAD280F76268E006495F1 /* pieces.idx */ = {isa = PBXFileReference; lastKnownFileType = file; path = pieces.idx; sourceTree = "<group>"; };
		B38CAD290F76268E006495F1 /* sysfont.txf */ = {isa = PBXFileReference; lastKnownFileType = file; path = sysfont.txf; sourceTree = "<group>"; };
		B38CAD2A0F76268E006495F1 /* textures.bin */ = {isa = PBXFileReference; lastKnownFileType = archive.macbinary; path = textures.bin; sourceTree = "<group>"; };
		B38CAD2B0F76268E006495F1 /* textures.idx */ = {isa = PBXFileReference; lastKnownFileType = file; path = textures.idx; sourceTree = "<group>"; };
		B3F5CF180F76F98900C9D249 /* Icon.png */ = {isa = PBXFileReference; lastKnownFileType = image.png; path = Icon.png; sourceTree = "<group>"; };
/* End PBXFileReference section */

/* Begin PBXFrameworksBuildPhase section */
		1D60588F0D05DD3D006BFB54 /* Frameworks */ = {
			isa = PBXFrameworksBuildPhase;
			buildActionMask = 2147483647;
			files = (
				1D60589F0D05DD5A006BFB54 /* Foundation.framework in Frameworks */,
				1DF5F4E00D08C38300B7A737 /* UIKit.framework in Frameworks */,
				28FD15000DC6FC520079059D /* OpenGLES.framework in Frameworks */,
				28FD15080DC6FC5B0079059D /* QuartzCore.framework in Frameworks */,
			);
			runOnlyForDeploymentPostprocessing = 0;
		};
/* End PBXFrameworksBuildPhase section */

/* Begin PBXGroup section */
		080E96DDFE201D6D7F000001 /* Classes */ = {
			isa = PBXGroup;
			children = (
				28FD14FC0DC6FC130079059D /* EAGLView.h */,
				28FD14FD0DC6FC130079059D /* EAGLView.m */,
				1D3623240D0F684500981E51 /* LeoCADAppDelegate.h */,
				1D3623250D0F684500981E51 /* LeoCADAppDelegate.m */,
			);
			path = Classes;
			sourceTree = "<group>";
		};
		19C28FACFE9D520D11CA2CBB /* Products */ = {
			isa = PBXGroup;
			children = (
				1D6058910D05DD3D006BFB54 /* LeoCAD.app */,
			);
			name = Products;
			sourceTree = "<group>";
		};
		29B97314FDCFA39411CA2CEA /* CustomTemplate */ = {
			isa = PBXGroup;
			children = (
				B37BC4270F4E06E500C208E5 /* Common */,
				080E96DDFE201D6D7F000001 /* Classes */,
				29B97315FDCFA39411CA2CEA /* Other Sources */,
				29B97317FDCFA39411CA2CEA /* Resources */,
				29B97323FDCFA39411CA2CEA /* Frameworks */,
				19C28FACFE9D520D11CA2CBB /* Products */,
			);
			name = CustomTemplate;
			sourceTree = "<group>";
		};
		29B97315FDCFA39411CA2CEA /* Other Sources */ = {
			isa = PBXGroup;
			children = (
				B38CAC880F76170E006495F1 /* basewnd.cpp */,
				B37BC4D30F4E0A2500C208E5 /* config.h */,
				B38CAC990F761A53006495F1 /* glwindow.cpp */,
				32CA4F630368D1EE00C91783 /* LeoCAD_Prefix.pch */,
				29B97316FDCFA39411CA2CEA /* main.m */,
				B38CAC8D0F76184D006495F1 /* system.cpp */,
			);
			name = "Other Sources";
			sourceTree = "<group>";
		};
		29B97317FDCFA39411CA2CEA /* Resources */ = {
			isa = PBXGroup;
			children = (
				B3F5CF180F76F98900C9D249 /* Icon.png */,
				B38CAD240F762506006495F1 /* Pieces */,
				28AD733E0D9D9553002E5188 /* MainWindow.xib */,
				8D1107310486CEB800E47090 /* Info.plist */,
			);
			name = Resources;
			sourceTree = "<group>";
		};
		29B97323FDCFA39411CA2CEA /* Frameworks */ = {
			isa = PBXGroup;
			children = (
				28FD15070DC6FC5B0079059D /* QuartzCore.framework */,
				28FD14FF0DC6FC520079059D /* OpenGLES.framework */,
				1DF5F4DF0D08C38300B7A737 /* UIKit.framework */,
				1D30AB110D05D00D00671497 /* Foundation.framework */,
			);
			name = Frameworks;
			sourceTree = "<group>";
		};
		B37BC4270F4E06E500C208E5 /* Common */ = {
			isa = PBXGroup;
			children = (
				B37BC4280F4E06FA00C208E5 /* algebra.cpp */,
				B37BC4290F4E06FA00C208E5 /* algebra.h */,
				B37BC42A0F4E06FA00C208E5 /* array.cpp */,
				B37BC42B0F4E06FA00C208E5 /* array.h */,
				B37BC42C0F4E06FA00C208E5 /* basewnd.h */,
				B37BC42D0F4E06FA00C208E5 /* camera.cpp */,
				B37BC42E0F4E06FA00C208E5 /* camera.h */,
				B37BC42F0F4E06FA00C208E5 /* console.cpp */,
				B37BC4300F4E06FA00C208E5 /* console.h */,
				B37BC4310F4E06FA00C208E5 /* curve.cpp */,
				B37BC4320F4E06FA00C208E5 /* curve.h */,
				B37BC4330F4E06FA00C208E5 /* debug.cpp */,
				B37BC4340F4E06FA00C208E5 /* debug.h */,
				B37BC4350F4E06FA00C208E5 /* defines.h */,
				B37BC4360F4E06FA00C208E5 /* file.cpp */,
				B37BC4370F4E06FA00C208E5 /* file.h */,
				B37BC4380F4E06FA00C208E5 /* globals.cpp */,
				B37BC4390F4E06FA00C208E5 /* globals.h */,
				B37BC43A0F4E06FA00C208E5 /* glwindow.h */,
				B37BC43B0F4E06FA00C208E5 /* group.cpp */,
				B37BC43C0F4E06FA00C208E5 /* group.h */,
				B37BC43D0F4E06FA00C208E5 /* im_bmp.cpp */,
				B37BC43E0F4E06FA00C208E5 /* im_gif.cpp */,
				B37BC43F0F4E06FA00C208E5 /* im_jpg.cpp */,
				B37BC4400F4E06FA00C208E5 /* im_png.cpp */,
				B37BC4410F4E06FA00C208E5 /* image.cpp */,
				B37BC4420F4E06FA00C208E5 /* image.h */,
				B37BC4430F4E06FA00C208E5 /* keyboard.cpp */,
				B37BC4440F4E06FA00C208E5 /* keyboard.h */,
				B37BC4450F4E06FA00C208E5 /* lc_application.cpp */,
				B37BC4460F4E06FA00C208E5 /* lc_application.h */,
				B37BC4470F4E06FA00C208E5 /* library.cpp */,
				B37BC4480F4E06FA00C208E5 /* library.h */,
				B37BC4490F4E06FA00C208E5 /* light.cpp */,
				B37BC44A0F4E06FA00C208E5 /* light.h */,
				B37BC44B0F4E06FA00C208E5 /* mainwnd.cpp */,
				B37BC44C0F4E06FA00C208E5 /* mainwnd.h */,
				B37BC44E0F4E06FA00C208E5 /* matrix.cpp */,
				B37BC44F0F4E06FA00C208E5 /* matrix.h */,
				B37BC4500F4E06FA00C208E5 /* message.cpp */,
				B37BC4510F4E06FA00C208E5 /* message.h */,
				B37BC4520F4E06FA00C208E5 /* minifig.cpp */,
				B37BC4530F4E06FA00C208E5 /* minifig.h */,
				B37BC4550F4E06FA00C208E5 /* object.cpp */,
				B37BC4560F4E06FA00C208E5 /* object.h */,
				B37BC4570F4E06FA00C208E5 /* opengl.cpp */,
				B37BC4580F4E06FA00C208E5 /* opengl.h */,
				B37BC4590F4E06FA00C208E5 /* piece.cpp */,
				B37BC45A0F4E06FA00C208E5 /* piece.h */,
				B37BC45B0F4E06FA00C208E5 /* pieceinf.cpp */,
				B37BC45C0F4E06FA00C208E5 /* pieceinf.h */,
				B37BC45D0F4E06FA00C208E5 /* preview.cpp */,
				B37BC45E0F4E06FA00C208E5 /* preview.h */,
				B37BC45F0F4E06FA00C208E5 /* project.cpp */,
				B37BC4600F4E06FA00C208E5 /* project.h */,
				B37BC4610F4E06FA00C208E5 /* quant.cpp */,
				B37BC4620F4E06FA00C208E5 /* quant.h */,
				B37BC4630F4E06FA00C208E5 /* str.cpp */,
				B37BC4640F4E06FA00C208E5 /* str.h */,
				B37BC4650F4E06FA00C208E5 /* system.h */,
				B37BC4660F4E06FA00C208E5 /* terrain.cpp */,
				B37BC4670F4E06FA00C208E5 /* terrain.h */,
				B37BC4680F4E06FA00C208E5 /* texfont.cpp */,
				B37BC4690F4E06FA00C208E5 /* texfont.h */,
				B37BC46A0F4E06FA00C208E5 /* texture.cpp */,
				B37BC46B0F4E06FA00C208E5 /* texture.h */,
				B37BC46C0F4E06FA00C208E5 /* tr.cpp */,
				B37BC46D0F4E06FA00C208E5 /* tr.h */,
				B37BC46E0F4E06FA00C208E5 /* typedefs.h */,
				B37BC46F0F4E06FA00C208E5 /* vector.cpp */,
				B37BC4700F4E06FA00C208E5 /* vector.h */,
				B37BC4710F4E06FA00C208E5 /* view.cpp */,
				B37BC4720F4E06FA00C208E5 /* view.h */,
			);
			name = Common;
			sourceTree = "<group>";
		};
		B38CAD240F762506006495F1 /* Pieces */ = {
			isa = PBXGroup;
			children = (
				B38CAD270F76268E006495F1 /* pieces.bin */,
				B38CAD280F76268E006495F1 /* pieces.idx */,
				B38CAD290F76268E006495F1 /* sysfont.txf */,
				B38CAD2A0F76268E006495F1 /* textures.bin */,
				B38CAD2B0F76268E006495F1 /* textures.idx */,
			);
			name = Pieces;
			sourceTree = "<group>";
		};
/* End PBXGroup section */

/* Begin PBXNativeTarget section */
		1D6058900D05DD3D006BFB54 /* LeoCAD */ = {
			isa = PBXNativeTarget;
			buildConfigurationList = 1D6058960D05DD3E006BFB54 /* Build configuration list for PBXNativeTarget "LeoCAD" */;
			buildPhases = (
				1D60588D0D05DD3D006BFB54 /* Resources */,
				1D60588E0D05DD3D006BFB54 /* Sources */,
				1D60588F0D05DD3D006BFB54 /* Frameworks */,
			);
			buildRules = (
			);
			dependencies = (
			);
			name = LeoCAD;
			productName = LeoCAD;
			productReference = 1D6058910D05DD3D006BFB54 /* LeoCAD.app */;
			productType = "com.apple.product-type.application";
		};
/* End PBXNativeTarget section */

/* Begin PBXProject section */
		29B97313FDCFA39411CA2CEA /* Project object */ = {
			isa = PBXProject;
			buildConfigurationList = C01FCF4E08A954540054247B /* Build configuration list for PBXProject "LeoCAD" */;
			compatibilityVersion = "Xcode 3.1";
			hasScannedForEncodings = 1;
			mainGroup = 29B97314FDCFA39411CA2CEA /* CustomTemplate */;
			projectDirPath = "";
			projectRoot = ..;
			targets = (
				1D6058900D05DD3D006BFB54 /* LeoCAD */,
			);
		};
/* End PBXProject section */

/* Begin PBXResourcesBuildPhase section */
		1D60588D0D05DD3D006BFB54 /* Resources */ = {
			isa = PBXResourcesBuildPhase;
			buildActionMask = 2147483647;
			files = (
				28AD733F0D9D9553002E5188 /* MainWindow.xib in Resources */,
				B38CAD2C0F76268E006495F1 /* pieces.bin in Resources */,
				B38CAD2D0F76268E006495F1 /* pieces.idx in Resources */,
				B38CAD2E0F76268E006495F1 /* sysfont.txf in Resources */,
				B38CAD2F0F76268E006495F1 /* textures.bin in Resources */,
				B38CAD300F76268E006495F1 /* textures.idx in Resources */,
				B3F5CF190F76F98900C9D249 /* Icon.png in Resources */,
			);
			runOnlyForDeploymentPostprocessing = 0;
		};
/* End PBXResourcesBuildPhase section */

/* Begin PBXSourcesBuildPhase section */
		1D60588E0D05DD3D006BFB54 /* Sources */ = {
			isa = PBXSourcesBuildPhase;
			buildActionMask = 2147483647;
			files = (
				1D60589B0D05DD56006BFB54 /* main.m in Sources */,
				1D3623260D0F684500981E51 /* LeoCADAppDelegate.m in Sources */,
				28FD14FE0DC6FC130079059D /* EAGLView.m in Sources */,
				B37BC4730F4E06FA00C208E5 /* algebra.cpp in Sources */,
				B37BC4750F4E06FA00C208E5 /* camera.cpp in Sources */,
				B37BC4760F4E06FA00C208E5 /* console.cpp in Sources */,
				B37BC4770F4E06FA00C208E5 /* curve.cpp in Sources */,
				B37BC4780F4E06FA00C208E5 /* debug.cpp in Sources */,
				B37BC4790F4E06FA00C208E5 /* file.cpp in Sources */,
				B37BC47A0F4E06FA00C208E5 /* globals.cpp in Sources */,
				B37BC47B0F4E06FA00C208E5 /* group.cpp in Sources */,
				B37BC47C0F4E06FA00C208E5 /* im_bmp.cpp in Sources */,
				B37BC47D0F4E06FA00C208E5 /* im_gif.cpp in Sources */,
				B37BC47E0F4E06FA00C208E5 /* im_jpg.cpp in Sources */,
				B37BC47F0F4E06FA00C208E5 /* im_png.cpp in Sources */,
				B37BC4800F4E06FA00C208E5 /* image.cpp in Sources */,
				B37BC4810F4E06FA00C208E5 /* keyboard.cpp in Sources */,
				B37BC4820F4E06FA00C208E5 /* lc_application.cpp in Sources */,
				B37BC4830F4E06FA00C208E5 /* library.cpp in Sources */,
				B37BC4840F4E06FA00C208E5 /* light.cpp in Sources */,
				B37BC4850F4E06FA00C208E5 /* mainwnd.cpp in Sources */,
				B37BC4870F4E06FA00C208E5 /* matrix.cpp in Sources */,
				B37BC4880F4E06FA00C208E5 /* message.cpp in Sources */,
				B37BC4890F4E06FA00C208E5 /* minifig.cpp in Sources */,
				B37BC48B0F4E06FA00C208E5 /* object.cpp in Sources */,
				B37BC48C0F4E06FA00C208E5 /* opengl.cpp in Sources */,
				B37BC48D0F4E06FA00C208E5 /* piece.cpp in Sources */,
				B37BC48E0F4E06FA00C208E5 /* pieceinf.cpp in Sources */,
				B37BC48F0F4E06FA00C208E5 /* preview.cpp in Sources */,
				B37BC4900F4E06FA00C208E5 /* project.cpp in Sources */,
				B37BC4910F4E06FA00C208E5 /* quant.cpp in Sources */,
				B37BC4920F4E06FA00C208E5 /* str.cpp in Sources */,
				B37BC4930F4E06FA00C208E5 /* terrain.cpp in Sources */,
				B37BC4940F4E06FA00C208E5 /* texfont.cpp in Sources */,
				B37BC4950F4E06FA00C208E5 /* texture.cpp in Sources */,
				B37BC4960F4E06FA00C208E5 /* tr.cpp in Sources */,
				B37BC4970F4E06FA00C208E5 /* vector.cpp in Sources */,
				B37BC4980F4E06FA00C208E5 /* view.cpp in Sources */,
				B38CAC890F76170E006495F1 /* basewnd.cpp in Sources */,
				B38CAC8E0F76184D006495F1 /* system.cpp in Sources */,
				B38CAC9A0F761A53006495F1 /* glwindow.cpp in Sources */,
			);
			runOnlyForDeploymentPostprocessing = 0;
		};
/* End PBXSourcesBuildPhase section */

/* Begin XCBuildConfiguration section */
		1D6058940D05DD3E006BFB54 /* Debug */ = {
			isa = XCBuildConfiguration;
			buildSettings = {
				ALWAYS_SEARCH_USER_PATHS = NO;
				COPY_PHASE_STRIP = NO;
				GCC_DYNAMIC_NO_PIC = NO;
				GCC_OPTIMIZATION_LEVEL = 0;
				GCC_PRECOMPILE_PREFIX_HEADER = YES;
				GCC_PREFIX_HEADER = LeoCAD_Prefix.pch;
				INFOPLIST_FILE = Info.plist;
				PRODUCT_NAME = LeoCAD;
			};
			name = Debug;
		};
		1D6058950D05DD3E006BFB54 /* Release */ = {
			isa = XCBuildConfiguration;
			buildSettings = {
				ALWAYS_SEARCH_USER_PATHS = NO;
				COPY_PHASE_STRIP = YES;
				GCC_PRECOMPILE_PREFIX_HEADER = YES;
				GCC_PREFIX_HEADER = LeoCAD_Prefix.pch;
				INFOPLIST_FILE = Info.plist;
				PRODUCT_NAME = LeoCAD;
			};
			name = Release;
		};
		C01FCF4F08A954540054247B /* Debug */ = {
			isa = XCBuildConfiguration;
			buildSettings = {
				ARCHS = "$(ARCHS_STANDARD_32_BIT)";
				"CODE_SIGN_IDENTITY[sdk=iphoneos*]" = "iPhone Developer: Leonardo Zide";
				GCC_C_LANGUAGE_STANDARD = c99;
				GCC_PREPROCESSOR_DEFINITIONS = "LC_IPHONE=1";
				GCC_WARN_ABOUT_RETURN_TYPE = YES;
				GCC_WARN_UNUSED_VARIABLE = YES;
				ONLY_ACTIVE_ARCH = YES;
				PREBINDING = NO;
				"PROVISIONING_PROFILE[sdk=iphoneos*]" = "66E10150-8393-4DF2-9510-9E54677112A8";
				SDKROOT = iphoneos2.2.1;
			};
			name = Debug;
		};
		C01FCF5008A954540054247B /* Release */ = {
			isa = XCBuildConfiguration;
			buildSettings = {
				ARCHS = "$(ARCHS_STANDARD_32_BIT)";
				"CODE_SIGN_IDENTITY[sdk=iphoneos*]" = "iPhone Developer";
				GCC_C_LANGUAGE_STANDARD = c99;
				GCC_WARN_ABOUT_RETURN_TYPE = YES;
				GCC_WARN_UNUSED_VARIABLE = YES;
				PREBINDING = NO;
				SDKROOT = iphoneos2.2.1;
			};
			name = Release;
		};
/* End XCBuildConfiguration section */

/* Begin XCConfigurationList section */
		1D6058960D05DD3E006BFB54 /* Build configuration list for PBXNativeTarget "LeoCAD" */ = {
			isa = XCConfigurationList;
			buildConfigurations = (
				1D6058940D05DD3E006BFB54 /* Debug */,
				1D6058950D05DD3E006BFB54 /* Release */,
			);
			defaultConfigurationIsVisible = 0;
			defaultConfigurationName = Release;
		};
		C01FCF4E08A954540054247B /* Build configuration list for PBXProject "LeoCAD" */ = {
			isa = XCConfigurationList;
			buildConfigurations = (
				C01FCF4F08A954540054247B /* Debug */,
				C01FCF5008A954540054247B /* Release */,
			);
			defaultConfigurationIsVisible = 0;
			defaultConfigurationName = Release;
		};
/* End XCConfigurationList section */
	};
	rootObject = 29B97313FDCFA39411CA2CEA /* Project object */;
}
