<?xml version="1.0" encoding="utf-8"?>
<Project ToolsVersion="4.0" xmlns="http://schemas.microsoft.com/developer/msbuild/2003">
  <ItemGroup>
    <ClCompile Include="jaricom.c" />
    <ClCompile Include="jcapimin.c" />
    <ClCompile Include="jcapistd.c" />
    <ClCompile Include="jcarith.c" />
    <ClCompile Include="jccoefct.c" />
    <ClCompile Include="jccolor.c" />
    <ClCompile Include="jcdctmgr.c" />
    <ClCompile Include="jchuff.c" />
    <ClCompile Include="jcinit.c" />
    <ClCompile Include="jcmainct.c" />
    <ClCompile Include="jcmarker.c" />
    <ClCompile Include="jcmaster.c" />
    <ClCompile Include="jcomapi.c" />
    <ClCompile Include="jcparam.c" />
    <ClCompile Include="jcprepct.c" />
    <ClCompile Include="jcsample.c" />
    <ClCompile Include="jctrans.c" />
    <ClCompile Include="jdapimin.c" />
    <ClCompile Include="jdapistd.c" />
    <ClCompile Include="jdarith.c" />
    <ClCompile Include="jdatadst.c" />
    <ClCompile Include="jdatasrc.c" />
    <ClCompile Include="jdcoefct.c" />
    <ClCompile Include="jdcolor.c" />
    <ClCompile Include="jddctmgr.c" />
    <ClCompile Include="jdhuff.c" />
    <ClCompile Include="jdinput.c" />
    <ClCompile Include="jdmainct.c" />
    <ClCompile Include="jdmarker.c" />
    <ClCompile Include="jdmaster.c" />
    <ClCompile Include="jdmerge.c" />
    <ClCompile Include="jdpostct.c" />
    <ClCompile Include="jdsample.c" />
    <ClCompile Include="jdtrans.c" />
    <ClCompile Include="jerror.c" />
    <ClCompile Include="jfdctflt.c" />
    <ClCompile Include="jfdctfst.c" />
    <ClCompile Include="jfdctint.c" />
    <ClCompile Include="jidctflt.c" />
    <ClCompile Include="jidctfst.c" />
    <ClCompile Include="jidctint.c" />
    <ClCompile Include="jmemmgr.c" />
    <ClCompile Include="jmemnobs.c" />
    <ClCompile Include="jquant1.c" />
    <ClCompile Include="jquant2.c" />
    <ClCompile Include="jutils.c" />
  </ItemGroup>
  <ItemGroup>
    <ClInclude Include="jpegint.h" />
    <ClInclude Include="jpeglib.h" />
    <ClInclude Include="jversion.h" />
    <ClInclude Include="jconfig.h" />
    <ClInclude Include="jdct.h" />
    <ClInclude Include="jerror.h" />
    <ClInclude Include="jinclude.h" />
    <ClInclude Include="jmemsys.h" />
    <ClInclude Include="jmorecfg.h" />
  </ItemGroup>
</Project>